
Microsoft Visual Studio Solution File, Format Version 12.00
# Visual Studio Version 16
VisualStudioVersion = 16.0.30804.86
MinimumVisualStudioVersion = 10.0.40219.1
Project("{FAE04EC0-301F-11D3-BF4B-00C04F79EFBC}") = "BDD.BeispielVorlage", "src\BDD.BeispielVorlage\BDD.BeispielVorlage.csproj", "{12C88EA8-69C9-47B8-8682-05B1E894C28C}"
EndProject
Global
	GlobalSection(SolutionConfigurationPlatforms) = preSolution
		Debug|Any CPU = Debug|Any CPU
		Release|Any CPU = Release|Any CPU
	EndGlobalSection
	GlobalSection(ProjectConfigurationPlatforms) = postSolution
		{12C88EA8-69C9-47B8-8682-05B1E894C28C}.Debug|Any CPU.ActiveCfg = Debug|Any CPU
		{12C88EA8-69C9-47B8-8682-05B1E894C28C}.Debug|Any CPU.Build.0 = Debug|Any CPU
		{12C88EA8-69C9-47B8-8682-05B1E894C28C}.Release|Any CPU.ActiveCfg = Release|Any CPU
		{12C88EA8-69C9-47B8-8682-05B1E894C28C}.Release|Any CPU.Build.0 = Release|Any CPU
	EndGlobalSection
	GlobalSection(SolutionProperties) = preSolution
		HideSolutionNode = FALSE
	EndGlobalSection
	GlobalSection(ExtensibilityGlobals) = postSolution
		SolutionGuid = {E4F8E714-566E-4728-810B-206EB883B6BA}
	EndGlobalSection
EndGlobal
